
Microsoft Visual Studio Solution File, Format Version 12.00
# Visual Studio Version 16
VisualStudioVersion = 16.0.31424.327
MinimumVisualStudioVersion = 10.0.40219.1
Project("{FAE04EC0-301F-11D3-BF4B-00C04F79EFBC}") = "ZipCodeChallenge", "ZipCodeChallenge\ZipCodeChallenge.csproj", "{A61D54DB-3D4D-4F1C-9A46-94C59B4F7A2B}"
EndProject
Global
	GlobalSection(SolutionConfigurationPlatforms) = preSolution
		Debug|Any CPU = Debug|Any CPU
		Release|Any CPU = Release|Any CPU
	EndGlobalSection
	GlobalSection(ProjectConfigurationPlatforms) = postSolution
		{A61D54DB-3D4D-4F1C-9A46-94C59B4F7A2B}.Debug|Any CPU.ActiveCfg = Debug|Any CPU
		{A61D54DB-3D4D-4F1C-9A46-94C59B4F7A2B}.Debug|Any CPU.Build.0 = Debug|Any CPU
		{A61D54DB-3D4D-4F1C-9A46-94C59B4F7A2B}.Release|Any CPU.ActiveCfg = Release|Any CPU
		{A61D54DB-3D4D-4F1C-9A46-94C59B4F7A2B}.Release|Any CPU.Build.0 = Release|Any CPU
	EndGlobalSection
	GlobalSection(SolutionProperties) = preSolution
		HideSolutionNode = FALSE
	EndGlobalSection
	GlobalSection(ExtensibilityGlobals) = postSolution
		SolutionGuid = {F156CBDA-7B27-4490-B7DB-9FC5BEE30D95}
	EndGlobalSection
EndGlobal
